// !$*UTF8*$!
{
	archiveVersion = 1;
	classes = {
	};
	objectVersion = 46;
	objects = {

/* Begin PBXBuildFile section */
		3EDA0B03150E543600F0B423 /* UIKit.framework in Frameworks */ = {isa = PBXBuildFile; fileRef = 3EDA0B02150E543600F0B423 /* UIKit.framework */; };
		3EDA0B05150E543600F0B423 /* Foundation.framework in Frameworks */ = {isa = PBXBuildFile; fileRef = 3EDA0B04150E543600F0B423 /* Foundation.framework */; };
		3EDA0B07150E543600F0B423 /* CoreGraphics.framework in Frameworks */ = {isa = PBXBuildFile; fileRef = 3EDA0B06150E543600F0B423 /* CoreGraphics.framework */; };
		3EDA0B09150E543600F0B423 /* GLKit.framework in Frameworks */ = {isa = PBXBuildFile; fileRef = 3EDA0B08150E543600F0B423 /* GLKit.framework */; };
		3EDA0B0B150E543600F0B423 /* OpenGLES.framework in Frameworks */ = {isa = PBXBuildFile; fileRef = 3EDA0B0A150E543600F0B423 /* OpenGLES.framework */; };
		3EDA0B11150E543600F0B423 /* InfoPlist.strings in Resources */ = {isa = PBXBuildFile; fileRef = 3EDA0B0F150E543600F0B423 /* InfoPlist.strings */; };
		3EDA0B13150E543600F0B423 /* main.m in Sources */ = {isa = PBXBuildFile; fileRef = 3EDA0B12150E543600F0B423 /* main.m */; };
		3EDA0B17150E543600F0B423 /* AppDelegate.m in Sources */ = {isa = PBXBuildFile; fileRef = 3EDA0B16150E543600F0B423 /* AppDelegate.m */; };
		3EDA0B1A150E543600F0B423 /* MainStoryboard_iPhone.storyboard in Resources */ = {isa = PBXBuildFile; fileRef = 3EDA0B18150E543600F0B423 /* MainStoryboard_iPhone.storyboard */; };
		3EDA0B1D150E543600F0B423 /* MainStoryboard_iPad.storyboard in Resources */ = {isa = PBXBuildFile; fileRef = 3EDA0B1B150E543600F0B423 /* MainStoryboard_iPad.storyboard */; };
		3EDA0B1F150E543600F0B423 /* Shader.fsh in Resources */ = {isa = PBXBuildFile; fileRef = 3EDA0B1E150E543600F0B423 /* Shader.fsh */; };
		3EDA0B21150E543600F0B423 /* Shader.vsh in Resources */ = {isa = PBXBuildFile; fileRef = 3EDA0B20150E543600F0B423 /* Shader.vsh */; };
		3EDA0B24150E543600F0B423 /* ViewController.m in Sources */ = {isa = PBXBuildFile; fileRef = 3EDA0B23150E543600F0B423 /* ViewController.m */; };
/* End PBXBuildFile section */

/* Begin PBXFileReference section */
		3EDA0AFE150E543600F0B423 /* GLKPVRT.app */ = {isa = PBXFileReference; explicitFileType = wrapper.application; includeInIndex = 0; path = GLKPVRT.app; sourceTree = BUILT_PRODUCTS_DIR; };
		3EDA0B02150E543600F0B423 /* UIKit.framework */ = {isa = PBXFileReference; lastKnownFileType = wrapper.framework; name = UIKit.framework; path = System/Library/Frameworks/UIKit.framework; sourceTree = SDKROOT; };
		3EDA0B04150E543600F0B423 /* Foundation.framework */ = {isa = PBXFileReference; lastKnownFileType = wrapper.framework; name = Foundation.framework; path = System/Library/Frameworks/Foundation.framework; sourceTree = SDKROOT; };
		3EDA0B06150E543600F0B423 /* CoreGraphics.framework */ = {isa = PBXFileReference; lastKnownFileType = wrapper.framework; name = CoreGraphics.framework; path = System/Library/Frameworks/CoreGraphics.framework; sourceTree = SDKROOT; };
		3EDA0B08150E543600F0B423 /* GLKit.framework */ = {isa = PBXFileReference; lastKnownFileType = wrapper.framework; name = GLKit.framework; path = System/Library/Frameworks/GLKit.framework; sourceTree = SDKROOT; };
		3EDA0B0A150E543600F0B423 /* OpenGLES.framework */ = {isa = PBXFileReference; lastKnownFileType = wrapper.framework; name = OpenGLES.framework; path = System/Library/Frameworks/OpenGLES.framework; sourceTree = SDKROOT; };
		3EDA0B0E150E543600F0B423 /* GLKPVRT-Info.plist */ = {isa = PBXFileReference; path = "GLKPVRT-Info.plist"; sourceTree = "<group>"; };
		3EDA0B10150E543600F0B423 /* en */ = {isa = PBXFileReference; lastKnownFileType = text.plist.strings; name = en; path = en.lproj/InfoPlist.strings; sourceTree = "<group>"; };
		3EDA0B12150E543600F0B423 /* main.m */ = {isa = PBXFileReference; lastKnownFileType = sourcecode.c.objc; path = main.m; sourceTree = "<group>"; };
		3EDA0B14150E543600F0B423 /* GLKPVRT-Prefix.pch */ = {isa = PBXFileReference; path = "GLKPVRT-Prefix.pch"; sourceTree = "<group>"; };
		3EDA0B15150E543600F0B423 /* AppDelegate.h */ = {isa = PBXFileReference; path = AppDelegate.h; sourceTree = "<group>"; };
		3EDA0B16150E543600F0B423 /* AppDelegate.m */ = {isa = PBXFileReference; lastKnownFileType = sourcecode.c.objc; path = AppDelegate.m; sourceTree = "<group>"; };
		3EDA0B19150E543600F0B423 /* en */ = {isa = PBXFileReference; lastKnownFileType = file.storyboard; name = en; path = en.lproj/MainStoryboard_iPhone.storyboard; sourceTree = "<group>"; };
		3EDA0B1C150E543600F0B423 /* en */ = {isa = PBXFileReference; lastKnownFileType = file.storyboard; name = en; path = en.lproj/MainStoryboard_iPad.storyboard; sourceTree = "<group>"; };
		3EDA0B1E150E543600F0B423 /* Shader.fsh */ = {isa = PBXFileReference; lastKnownFileType = sourcecode.glsl; name = Shader.fsh; path = Shaders/Shader.fsh; sourceTree = "<group>"; };
		3EDA0B20150E543600F0B423 /* Shader.vsh */ = {isa = PBXFileReference; lastKnownFileType = sourcecode.glsl; name = Shader.vsh; path = Shaders/Shader.vsh; sourceTree = "<group>"; };
		3EDA0B22150E543600F0B423 /* ViewController.h */ = {isa = PBXFileReference; path = ViewController.h; sourceTree = "<group>"; };
		3EDA0B23150E543600F0B423 /* ViewController.m */ = {isa = PBXFileReference; lastKnownFileType = sourcecode.c.objc; path = ViewController.m; sourceTree = "<group>"; };
/* End PBXFileReference section */

/* Begin PBXFrameworksBuildPhase section */
		3EDA0AFB150E543600F0B423 /* Frameworks */ = {
			isa = PBXFrameworksBuildPhase;
			buildActionMask = 2147483647;
			files = (
				3EDA0B03150E543600F0B423 /* UIKit.framework in Frameworks */,
				3EDA0B05150E543600F0B423 /* Foundation.framework in Frameworks */,
				3EDA0B07150E543600F0B423 /* CoreGraphics.framework in Frameworks */,
				3EDA0B09150E543600F0B423 /* GLKit.framework in Frameworks */,
				3EDA0B0B150E543600F0B423 /* OpenGLES.framework in Frameworks */,
			);
			runOnlyForDeploymentPostprocessing = 0;
		};
/* End PBXFrameworksBuildPhase section */

/* Begin PBXGroup section */
		3EDA0AF3150E543500F0B423 = {
			isa = PBXGroup;
			children = (
				3EDA0B0C150E543600F0B423 /* GLKPVRT */,
				3EDA0B01150E543600F0B423 /* Frameworks */,
				3EDA0AFF150E543600F0B423 /* Products */,
			);
			sourceTree = "<group>";
		};
		3EDA0AFF150E543600F0B423 /* Products */ = {
			isa = PBXGroup;
			children = (
				3EDA0AFE150E543600F0B423 /* GLKPVRT.app */,
			);
			name = Products;
			sourceTree = "<group>";
		};
		3EDA0B01150E543600F0B423 /* Frameworks */ = {
			isa = PBXGroup;
			children = (
				3EDA0B02150E543600F0B423 /* UIKit.framework */,
				3EDA0B04150E543600F0B423 /* Foundation.framework */,
				3EDA0B06150E543600F0B423 /* CoreGraphics.framework */,
				3EDA0B08150E543600F0B423 /* GLKit.framework */,
				3EDA0B0A150E543600F0B423 /* OpenGLES.framework */,
			);
			name = Frameworks;
			sourceTree = "<group>";
		};
		3EDA0B0C150E543600F0B423 /* GLKPVRT */ = {
			isa = PBXGroup;
			children = (
				3EDA0B15150E543600F0B423 /* AppDelegate.h */,
				3EDA0B16150E543600F0B423 /* AppDelegate.m */,
				3EDA0B18150E543600F0B423 /* MainStoryboard_iPhone.storyboard */,
				3EDA0B1B150E543600F0B423 /* MainStoryboard_iPad.storyboard */,
				3EDA0B1E150E543600F0B423 /* Shader.fsh */,
				3EDA0B20150E543600F0B423 /* Shader.vsh */,
				3EDA0B22150E543600F0B423 /* ViewController.h */,
				3EDA0B23150E543600F0B423 /* ViewController.m */,
				3EDA0B0D150E543600F0B423 /* Supporting Files */,
			);
			path = GLKPVRT;
			sourceTree = "<group>";
		};
		3EDA0B0D150E543600F0B423 /* Supporting Files */ = {
			isa = PBXGroup;
			children = (
				3EDA0B0E150E543600F0B423 /* GLKPVRT-Info.plist */,
				3EDA0B0F150E543600F0B423 /* InfoPlist.strings */,
				3EDA0B12150E543600F0B423 /* main.m */,
				3EDA0B14150E543600F0B423 /* GLKPVRT-Prefix.pch */,
			);
			name = "Supporting Files";
			sourceTree = "<group>";
		};
/* End PBXGroup section */

/* Begin PBXNativeTarget section */
		3EDA0AFD150E543600F0B423 /* GLKPVRT */ = {
			isa = PBXNativeTarget;
			buildConfigurationList = 3EDA0B27150E543600F0B423 /* Build configuration list for PBXNativeTarget "GLKPVRT" */;
			buildPhases = (
				3EDA0AFA150E543600F0B423 /* Sources */,
				3EDA0AFB150E543600F0B423 /* Frameworks */,
				3EDA0AFC150E543600F0B423 /* Resources */,
			);
			buildRules = (
			);
			dependencies = (
			);
			name = GLKPVRT;
			productName = GLKPVRT;
			productReference = 3EDA0AFE150E543600F0B423 /* GLKPVRT.app */;
			productType = "com.apple.product-type.application";
		};
/* End PBXNativeTarget section */

/* Begin PBXProject section */
		3EDA0AF5150E543500F0B423 /* Project object */ = {
			isa = PBXProject;
			attributes = {
				LastUpgradeCheck = 0420;
				ORGANIZATIONNAME = Pirates;
			};
			buildConfigurationList = 3EDA0AF8150E543500F0B423 /* Build configuration list for PBXProject "GLKPVRT" */;
			compatibilityVersion = "Xcode 3.2";
			developmentRegion = English;
			hasScannedForEncodings = 0;
			knownRegions = (
				en,
			);
			mainGroup = 3EDA0AF3150E543500F0B423;
			productRefGroup = 3EDA0AFF150E543600F0B423 /* Products */;
			projectDirPath = "";
			projectRoot = "";
			targets = (
				3EDA0AFD150E543600F0B423 /* GLKPVRT */,
			);
		};
/* End PBXProject section */

/* Begin PBXResourcesBuildPhase section */
		3EDA0AFC150E543600F0B423 /* Resources */ = {
			isa = PBXResourcesBuildPhase;
			buildActionMask = 2147483647;
			files = (
				3EDA0B11150E543600F0B423 /* InfoPlist.strings in Resources */,
				3EDA0B1A150E543600F0B423 /* MainStoryboard_iPhone.storyboard in Resources */,
				3EDA0B1D150E543600F0B423 /* MainStoryboard_iPad.storyboard in Resources */,
				3EDA0B1F150E543600F0B423 /* Shader.fsh in Resources */,
				3EDA0B21150E543600F0B423 /* Shader.vsh in Resources */,
			);
			runOnlyForDeploymentPostprocessing = 0;
		};
/* End PBXResourcesBuildPhase section */

/* Begin PBXSourcesBuildPhase section */
		3EDA0AFA150E543600F0B423 /* Sources */ = {
			isa = PBXSourcesBuildPhase;
			buildActionMask = 2147483647;
			files = (
				3EDA0B13150E543600F0B423 /* main.m in Sources */,
				3EDA0B17150E543600F0B423 /* AppDelegate.m in Sources */,
				3EDA0B24150E543600F0B423 /* ViewController.m in Sources */,
			);
			runOnlyForDeploymentPostprocessing = 0;
		};
/* End PBXSourcesBuildPhase section */

/* Begin PBXVariantGroup section */
		3EDA0B0F150E543600F0B423 /* InfoPlist.strings */ = {
			isa = PBXVariantGroup;
			children = (
				3EDA0B10150E543600F0B423 /* en */,
			);
			name = InfoPlist.strings;
			sourceTree = "<group>";
		};
		3EDA0B18150E543600F0B423 /* MainStoryboard_iPhone.storyboard */ = {
			isa = PBXVariantGroup;
			children = (
				3EDA0B19150E543600F0B423 /* en */,
			);
			name = MainStoryboard_iPhone.storyboard;
			sourceTree = "<group>";
		};
		3EDA0B1B150E543600F0B423 /* MainStoryboard_iPad.storyboard */ = {
			isa = PBXVariantGroup;
			children = (
				3EDA0B1C150E543600F0B423 /* en */,
			);
			name = MainStoryboard_iPad.storyboard;
			sourceTree = "<group>";
		};
/* End PBXVariantGroup section */

/* Begin XCBuildConfiguration section */
		3EDA0B25150E543600F0B423 /* Debug */ = {
			isa = XCBuildConfiguration;
			buildSettings = {
				ALWAYS_SEARCH_USER_PATHS = NO;
				ARCHS = "$(ARCHS_STANDARD_32_BIT)";
				CLANG_ENABLE_OBJC_ARC = YES;
				"CODE_SIGN_IDENTITY[sdk=iphoneos*]" = "iPhone Developer";
				COPY_PHASE_STRIP = NO;
				GCC_C_LANGUAGE_STANDARD = gnu99;
				GCC_DYNAMIC_NO_PIC = NO;
				GCC_OPTIMIZATION_LEVEL = 0;
				GCC_PREPROCESSOR_DEFINITIONS = (
					"DEBUG=1",
					"$(inherited)",
				);
				GCC_SYMBOLS_PRIVATE_EXTERN = NO;
				GCC_VERSION = com.apple.compilers.llvm.clang.1_0;
				GCC_WARN_ABOUT_MISSING_PROTOTYPES = YES;
				GCC_WARN_ABOUT_RETURN_TYPE = YES;
				GCC_WARN_UNUSED_VARIABLE = YES;
				IPHONEOS_DEPLOYMENT_TARGET = 5.0;
				SDKROOT = iphoneos;
				TARGETED_DEVICE_FAMILY = "1,2";
			};
			name = Debug;
		};
		3EDA0B26150E543600F0B423 /* Release */ = {
			isa = XCBuildConfiguration;
			buildSettings = {
				ALWAYS_SEARCH_USER_PATHS = NO;
				ARCHS = "$(ARCHS_STANDARD_32_BIT)";
				CLANG_ENABLE_OBJC_ARC = YES;
				"CODE_SIGN_IDENTITY[sdk=iphoneos*]" = "iPhone Developer";
				COPY_PHASE_STRIP = YES;
				GCC_C_LANGUAGE_STANDARD = gnu99;
				GCC_VERSION = com.apple.compilers.llvm.clang.1_0;
				GCC_WARN_ABOUT_MISSING_PROTOTYPES = YES;
				GCC_WARN_ABOUT_RETURN_TYPE = YES;
				GCC_WARN_UNUSED_VARIABLE = YES;
				IPHONEOS_DEPLOYMENT_TARGET = 5.0;
				OTHER_CFLAGS = "-DNS_BLOCK_ASSERTIONS=1";
				SDKROOT = iphoneos;
				TARGETED_DEVICE_FAMILY = "1,2";
				VALIDATE_PRODUCT = YES;
			};
			name = Release;
		};
		3EDA0B28150E543600F0B423 /* Debug */ = {
			isa = XCBuildConfiguration;
			buildSettings = {
				GCC_PRECOMPILE_PREFIX_HEADER = YES;
				GCC_PREFIX_HEADER = "GLKPVRT/GLKPVRT-Prefix.pch";
				"GCC_THUMB_SUPPORT[arch=armv6]" = "";
				INFOPLIST_FILE = "GLKPVRT/GLKPVRT-Info.plist";
				PRODUCT_NAME = "$(TARGET_NAME)";
				WRAPPER_EXTENSION = app;
			};
			name = Debug;
		};
		3EDA0B29150E543600F0B423 /* Release */ = {
			isa = XCBuildConfiguration;
			buildSettings = {
				GCC_PRECOMPILE_PREFIX_HEADER = YES;
				GCC_PREFIX_HEADER = "GLKPVRT/GLKPVRT-Prefix.pch";
				"GCC_THUMB_SUPPORT[arch=armv6]" = "";
				INFOPLIST_FILE = "GLKPVRT/GLKPVRT-Info.plist";
				PRODUCT_NAME = "$(TARGET_NAME)";
				WRAPPER_EXTENSION = app;
			};
			name = Release;
		};
/* End XCBuildConfiguration section */

/* Begin XCConfigurationList section */
		3EDA0AF8150E543500F0B423 /* Build configuration list for PBXProject "GLKPVRT" */ = {
			isa = XCConfigurationList;
			buildConfigurations = (
				3EDA0B25150E543600F0B423 /* Debug */,
				3EDA0B26150E543600F0B423 /* Release */,
			);
			defaultConfigurationIsVisible = 0;
			defaultConfigurationName = Release;
		};
		3EDA0B27150E543600F0B423 /* Build configuration list for PBXNativeTarget "GLKPVRT" */ = {
			isa = XCConfigurationList;
			buildConfigurations = (
				3EDA0B28150E543600F0B423 /* Debug */,
				3EDA0B29150E543600F0B423 /* Release */,
			);
			defaultConfigurationIsVisible = 0;
		};
/* End XCConfigurationList section */
	};
	rootObject = 3EDA0AF5150E543500F0B423 /* Project object */;
}
